
Microsoft Visual Studio Solution File, Format Version 12.00
# Visual Studio Version 17
VisualStudioVersion = 17.0.32014.148
MinimumVisualStudioVersion = 10.0.40219.1
Project("{FAE04EC0-301F-11D3-BF4B-00C04F79EFBC}") = "Lab_9(Comp. gr.)", "Lab_9(Comp. gr.)\Lab_9(Comp. gr.).csproj", "{FC3E33AF-0EFC-47B3-8C80-D3C1C8D10A3C}"
EndProject
Global
	GlobalSection(SolutionConfigurationPlatforms) = preSolution
		Debug|Any CPU = Debug|Any CPU
		Release|Any CPU = Release|Any CPU
	EndGlobalSection
	GlobalSection(ProjectConfigurationPlatforms) = postSolution
		{FC3E33AF-0EFC-47B3-8C80-D3C1C8D10A3C}.Debug|Any CPU.ActiveCfg = Debug|Any CPU
		{FC3E33AF-0EFC-47B3-8C80-D3C1C8D10A3C}.Debug|Any CPU.Build.0 = Debug|Any CPU
		{FC3E33AF-0EFC-47B3-8C80-D3C1C8D10A3C}.Release|Any CPU.ActiveCfg = Release|Any CPU
		{FC3E33AF-0EFC-47B3-8C80-D3C1C8D10A3C}.Release|Any CPU.Build.0 = Release|Any CPU
	EndGlobalSection
	GlobalSection(SolutionProperties) = preSolution
		HideSolutionNode = FALSE
	EndGlobalSection
	GlobalSection(ExtensibilityGlobals) = postSolution
		SolutionGuid = {E3AC7A4F-B242-4292-83B5-46FC01FB6CF1}
	EndGlobalSection
EndGlobal
